
Microsoft Visual Studio Solution File, Format Version 12.00
# Visual Studio 15
VisualStudioVersion = 15.0.27703.2000
MinimumVisualStudioVersion = 10.0.40219.1
Project("{8BC9CEB8-8B4A-11D0-8D11-00A0C91BC942}") = "gllib", "gllib.vcxproj", "{014D3B7B-80D2-4A00-9F09-15C86A9A59C2}"
EndProject
Global
	GlobalSection(SolutionConfigurationPlatforms) = preSolution
		Debug|x64 = Debug|x64
		Debug|x86 = Debug|x86
		Release|x64 = Release|x64
		Release|x86 = Release|x86
	EndGlobalSection
	GlobalSection(ProjectConfigurationPlatforms) = postSolution
		{014D3B7B-80D2-4A00-9F09-15C86A9A59C2}.Debug|x64.ActiveCfg = Debug|x64
		{014D3B7B-80D2-4A00-9F09-15C86A9A59C2}.Debug|x64.Build.0 = Debug|x64
		{014D3B7B-80D2-4A00-9F09-15C86A9A59C2}.Debug|x86.ActiveCfg = Debug|Win32
		{014D3B7B-80D2-4A00-9F09-15C86A9A59C2}.Debug|x86.Build.0 = Debug|Win32
		{014D3B7B-80D2-4A00-9F09-15C86A9A59C2}.Release|x64.ActiveCfg = Release|x64
		{014D3B7B-80D2-4A00-9F09-15C86A9A59C2}.Release|x64.Build.0 = Release|x64
		{014D3B7B-80D2-4A00-9F09-15C86A9A59C2}.Release|x86.ActiveCfg = Release|Win32
		{014D3B7B-80D2-4A00-9F09-15C86A9A59C2}.Release|x86.Build.0 = Release|Win32
	EndGlobalSection
	GlobalSection(SolutionProperties) = preSolution
		HideSolutionNode = FALSE
	EndGlobalSection
	GlobalSection(ExtensibilityGlobals) = postSolution
		SolutionGuid = {106C1998-E7CD-47B4-8C50-EA6982C535EA}
	EndGlobalSection
EndGlobal
